// !$*UTF8*$!
{
	archiveVersion = 1;
	classes = {
	};
	objectVersion = 56;
	objects = {

/* Begin PBXBuildFile section */
		09C4E20F2BEF995D005E4F28 /* IRLYApp.swift in Sources */ = {isa = PBXBuildFile; fileRef = 09C4E20E2BEF995D005E4F28 /* IRLYApp.swift */; };
		09C4E2112BEF995D005E4F28 /* ContentView.swift in Sources */ = {isa = PBXBuildFile; fileRef = 09C4E2102BEF995D005E4F28 /* ContentView.swift */; };
		09C4E2132BEF995F005E4F28 /* Assets.xcassets in Resources */ = {isa = PBXBuildFile; fileRef = 09C4E2122BEF995F005E4F28 /* Assets.xcassets */; };
		09C4E2162BEF995F005E4F28 /* Preview Assets.xcassets in Resources */ = {isa = PBXBuildFile; fileRef = 09C4E2152BEF995F005E4F28 /* Preview Assets.xcassets */; };
		09C4E21E2BEF9A31005E4F28 /* LoadingView.swift in Sources */ = {isa = PBXBuildFile; fileRef = 09C4E21D2BEF9A31005E4F28 /* LoadingView.swift */; };
		09C4E2242BF09532005E4F28 /* HomePageView.swift in Sources */ = {isa = PBXBuildFile; fileRef = 09C4E2232BF09532005E4F28 /* HomePageView.swift */; };
		09C4E2262BF0B0F6005E4F28 /* HeaderView.swift in Sources */ = {isa = PBXBuildFile; fileRef = 09C4E2252BF0B0F6005E4F28 /* HeaderView.swift */; };
		09C4E2282BF0D0F6005E4F28 /* FooterView.swift in Sources */ = {isa = PBXBuildFile; fileRef = 09C4E2272BF0D0F6005E4F28 /* FooterView.swift */; };
		09C4E22B2BF13983005E4F28 /* MessageView.swift in Sources */ = {isa = PBXBuildFile; fileRef = 09C4E22A2BF13983005E4F28 /* MessageView.swift */; };
		09C4E22D2BF14892005E4F28 /* NeverBox.swift in Sources */ = {isa = PBXBuildFile; fileRef = 09C4E22C2BF14892005E4F28 /* NeverBox.swift */; };
		09C4E22F2BF17982005E4F28 /* ListView.swift in Sources */ = {isa = PBXBuildFile; fileRef = 09C4E22E2BF17982005E4F28 /* ListView.swift */; };
		09C4E2312BF203EC005E4F28 /* ChatRoom.swift in Sources */ = {isa = PBXBuildFile; fileRef = 09C4E2302BF203EC005E4F28 /* ChatRoom.swift */; };
		09C4E2332BF292AD005E4F28 /* Options.swift in Sources */ = {isa = PBXBuildFile; fileRef = 09C4E2322BF292AD005E4F28 /* Options.swift */; };
		09C4E2372BF2E6CF005E4F28 /* SharedData.swift in Sources */ = {isa = PBXBuildFile; fileRef = 09C4E2362BF2E6CF005E4F28 /* SharedData.swift */; };
/* End PBXBuildFile section */

/* Begin PBXFileReference section */
		09C4E20B2BEF995D005E4F28 /* IRLY.app */ = {isa = PBXFileReference; explicitFileType = wrapper.application; includeInIndex = 0; path = IRLY.app; sourceTree = BUILT_PRODUCTS_DIR; };
		09C4E20E2BEF995D005E4F28 /* IRLYApp.swift */ = {isa = PBXFileReference; lastKnownFileType = sourcecode.swift; path = IRLYApp.swift; sourceTree = "<group>"; };
		09C4E2102BEF995D005E4F28 /* ContentView.swift */ = {isa = PBXFileReference; lastKnownFileType = sourcecode.swift; path = ContentView.swift; sourceTree = "<group>"; };
		09C4E2122BEF995F005E4F28 /* Assets.xcassets */ = {isa = PBXFileReference; lastKnownFileType = folder.assetcatalog; path = Assets.xcassets; sourceTree = "<group>"; };
		09C4E2152BEF995F005E4F28 /* Preview Assets.xcassets */ = {isa = PBXFileReference; lastKnownFileType = folder.assetcatalog; path = "Preview Assets.xcassets"; sourceTree = "<group>"; };
		09C4E21D2BEF9A31005E4F28 /* LoadingView.swift */ = {isa = PBXFileReference; lastKnownFileType = sourcecode.swift; path = LoadingView.swift; sourceTree = "<group>"; };
		09C4E2232BF09532005E4F28 /* HomePageView.swift */ = {isa = PBXFileReference; lastKnownFileType = sourcecode.swift; path = HomePageView.swift; sourceTree = "<group>"; };
		09C4E2252BF0B0F6005E4F28 /* HeaderView.swift */ = {isa = PBXFileReference; lastKnownFileType = sourcecode.swift; path = HeaderView.swift; sourceTree = "<group>"; };
		09C4E2272BF0D0F6005E4F28 /* FooterView.swift */ = {isa = PBXFileReference; lastKnownFileType = sourcecode.swift; path = FooterView.swift; sourceTree = "<group>"; };
		09C4E22A2BF13983005E4F28 /* MessageView.swift */ = {isa = PBXFileReference; lastKnownFileType = sourcecode.swift; path = MessageView.swift; sourceTree = "<group>"; };
		09C4E22C2BF14892005E4F28 /* NeverBox.swift */ = {isa = PBXFileReference; lastKnownFileType = sourcecode.swift; path = NeverBox.swift; sourceTree = "<group>"; };
		09C4E22E2BF17982005E4F28 /* ListView.swift */ = {isa = PBXFileReference; lastKnownFileType = sourcecode.swift; path = ListView.swift; sourceTree = "<group>"; };
		09C4E2302BF203EC005E4F28 /* ChatRoom.swift */ = {isa = PBXFileReference; lastKnownFileType = sourcecode.swift; path = ChatRoom.swift; sourceTree = "<group>"; };
		09C4E2322BF292AD005E4F28 /* Options.swift */ = {isa = PBXFileReference; lastKnownFileType = sourcecode.swift; path = Options.swift; sourceTree = "<group>"; };
		09C4E2362BF2E6CF005E4F28 /* SharedData.swift */ = {isa = PBXFileReference; lastKnownFileType = sourcecode.swift; path = SharedData.swift; sourceTree = "<group>"; };
/* End PBXFileReference section */

/* Begin PBXFrameworksBuildPhase section */
		09C4E2082BEF995D005E4F28 /* Frameworks */ = {
			isa = PBXFrameworksBuildPhase;
			buildActionMask = 2147483647;
			files = (
			);
			runOnlyForDeploymentPostprocessing = 0;
		};
/* End PBXFrameworksBuildPhase section */

/* Begin PBXGroup section */
		09C4E2022BEF995D005E4F28 = {
			isa = PBXGroup;
			children = (
				09C4E20D2BEF995D005E4F28 /* IRLY */,
				09C4E20C2BEF995D005E4F28 /* Products */,
			);
			sourceTree = "<group>";
		};
		09C4E20C2BEF995D005E4F28 /* Products */ = {
			isa = PBXGroup;
			children = (
				09C4E20B2BEF995D005E4F28 /* IRLY.app */,
			);
			name = Products;
			sourceTree = "<group>";
		};
		09C4E20D2BEF995D005E4F28 /* IRLY */ = {
			isa = PBXGroup;
			children = (
				09C4E2292BF1396A005E4F28 /* Message */,
				09C4E2222BF094CF005E4F28 /* Homepage */,
				09C4E21F2BEF9A63005E4F28 /* Components */,
				09C4E21C2BEF99F1005E4F28 /* Screens */,
				09C4E20E2BEF995D005E4F28 /* IRLYApp.swift */,
				09C4E2102BEF995D005E4F28 /* ContentView.swift */,
				09C4E2122BEF995F005E4F28 /* Assets.xcassets */,
				09C4E2142BEF995F005E4F28 /* Preview Content */,
			);
			path = IRLY;
			sourceTree = "<group>";
		};
		09C4E2142BEF995F005E4F28 /* Preview Content */ = {
			isa = PBXGroup;
			children = (
				09C4E2152BEF995F005E4F28 /* Preview Assets.xcassets */,
			);
			path = "Preview Content";
			sourceTree = "<group>";
		};
		09C4E21C2BEF99F1005E4F28 /* Screens */ = {
			isa = PBXGroup;
			children = (
				09C4E21D2BEF9A31005E4F28 /* LoadingView.swift */,
				09C4E22C2BF14892005E4F28 /* NeverBox.swift */,
				09C4E22E2BF17982005E4F28 /* ListView.swift */,
			);
			path = Screens;
			sourceTree = "<group>";
		};
		09C4E21F2BEF9A63005E4F28 /* Components */ = {
			isa = PBXGroup;
			children = (
				09C4E2252BF0B0F6005E4F28 /* HeaderView.swift */,
				09C4E2272BF0D0F6005E4F28 /* FooterView.swift */,
				09C4E2322BF292AD005E4F28 /* Options.swift */,
				09C4E2362BF2E6CF005E4F28 /* SharedData.swift */,
			);
			path = Components;
			sourceTree = "<group>";
		};
		09C4E2222BF094CF005E4F28 /* Homepage */ = {
			isa = PBXGroup;
			children = (
				09C4E2232BF09532005E4F28 /* HomePageView.swift */,
			);
			path = Homepage;
			sourceTree = "<group>";
		};
		09C4E2292BF1396A005E4F28 /* Message */ = {
			isa = PBXGroup;
			children = (
				09C4E22A2BF13983005E4F28 /* MessageView.swift */,
				09C4E2302BF203EC005E4F28 /* ChatRoom.swift */,
			);
			path = Message;
			sourceTree = "<group>";
		};
/* End PBXGroup section */

/* Begin PBXNativeTarget section */
		09C4E20A2BEF995D005E4F28 /* IRLY */ = {
			isa = PBXNativeTarget;
			buildConfigurationList = 09C4E2192BEF995F005E4F28 /* Build configuration list for PBXNativeTarget "IRLY" */;
			buildPhases = (
				09C4E2072BEF995D005E4F28 /* Sources */,
				09C4E2082BEF995D005E4F28 /* Frameworks */,
				09C4E2092BEF995D005E4F28 /* Resources */,
			);
			buildRules = (
			);
			dependencies = (
			);
			name = IRLY;
			productName = IRLY;
			productReference = 09C4E20B2BEF995D005E4F28 /* IRLY.app */;
			productType = "com.apple.product-type.application";
		};
/* End PBXNativeTarget section */

/* Begin PBXProject section */
		09C4E2032BEF995D005E4F28 /* Project object */ = {
			isa = PBXProject;
			attributes = {
				BuildIndependentTargetsInParallel = 1;
				LastSwiftUpdateCheck = 1530;
				LastUpgradeCheck = 1530;
				TargetAttributes = {
					09C4E20A2BEF995D005E4F28 = {
						CreatedOnToolsVersion = 15.3;
					};
				};
			};
			buildConfigurationList = 09C4E2062BEF995D005E4F28 /* Build configuration list for PBXProject "IRLY" */;
			compatibilityVersion = "Xcode 14.0";
			developmentRegion = en;
			hasScannedForEncodings = 0;
			knownRegions = (
				en,
				Base,
			);
			mainGroup = 09C4E2022BEF995D005E4F28;
			productRefGroup = 09C4E20C2BEF995D005E4F28 /* Products */;
			projectDirPath = "";
			projectRoot = "";
			targets = (
				09C4E20A2BEF995D005E4F28 /* IRLY */,
			);
		};
/* End PBXProject section */

/* Begin PBXResourcesBuildPhase section */
		09C4E2092BEF995D005E4F28 /* Resources */ = {
			isa = PBXResourcesBuildPhase;
			buildActionMask = 2147483647;
			files = (
				09C4E2162BEF995F005E4F28 /* Preview Assets.xcassets in Resources */,
				09C4E2132BEF995F005E4F28 /* Assets.xcassets in Resources */,
			);
			runOnlyForDeploymentPostprocessing = 0;
		};
/* End PBXResourcesBuildPhase section */

/* Begin PBXSourcesBuildPhase section */
		09C4E2072BEF995D005E4F28 /* Sources */ = {
			isa = PBXSourcesBuildPhase;
			buildActionMask = 2147483647;
			files = (
				09C4E2282BF0D0F6005E4F28 /* FooterView.swift in Sources */,
				09C4E22F2BF17982005E4F28 /* ListView.swift in Sources */,
				09C4E2262BF0B0F6005E4F28 /* HeaderView.swift in Sources */,
				09C4E2332BF292AD005E4F28 /* Options.swift in Sources */,
				09C4E21E2BEF9A31005E4F28 /* LoadingView.swift in Sources */,
				09C4E22B2BF13983005E4F28 /* MessageView.swift in Sources */,
				09C4E2112BEF995D005E4F28 /* ContentView.swift in Sources */,
				09C4E22D2BF14892005E4F28 /* NeverBox.swift in Sources */,
				09C4E20F2BEF995D005E4F28 /* IRLYApp.swift in Sources */,
				09C4E2372BF2E6CF005E4F28 /* SharedData.swift in Sources */,
				09C4E2242BF09532005E4F28 /* HomePageView.swift in Sources */,
				09C4E2312BF203EC005E4F28 /* ChatRoom.swift in Sources */,
			);
			runOnlyForDeploymentPostprocessing = 0;
		};
/* End PBXSourcesBuildPhase section */

/* Begin XCBuildConfiguration section */
		09C4E2172BEF995F005E4F28 /* Debug */ = {
			isa = XCBuildConfiguration;
			buildSettings = {
				ALWAYS_SEARCH_USER_PATHS = NO;
				ASSETCATALOG_COMPILER_GENERATE_SWIFT_ASSET_SYMBOL_EXTENSIONS = YES;
				CLANG_ANALYZER_NONNULL = YES;
				CLANG_ANALYZER_NUMBER_OBJECT_CONVERSION = YES_AGGRESSIVE;
				CLANG_CXX_LANGUAGE_STANDARD = "gnu++20";
				CLANG_ENABLE_MODULES = YES;
				CLANG_ENABLE_OBJC_ARC = YES;
				CLANG_ENABLE_OBJC_WEAK = YES;
				CLANG_WARN_BLOCK_CAPTURE_AUTORELEASING = YES;
				CLANG_WARN_BOOL_CONVERSION = YES;
				CLANG_WARN_COMMA = YES;
				CLANG_WARN_CONSTANT_CONVERSION = YES;
				CLANG_WARN_DEPRECATED_OBJC_IMPLEMENTATIONS = YES;
				CLANG_WARN_DIRECT_OBJC_ISA_USAGE = YES_ERROR;
				CLANG_WARN_DOCUMENTATION_COMMENTS = YES;
				CLANG_WARN_EMPTY_BODY = YES;
				CLANG_WARN_ENUM_CONVERSION = YES;
				CLANG_WARN_INFINITE_RECURSION = YES;
				CLANG_WARN_INT_CONVERSION = YES;
				CLANG_WARN_NON_LITERAL_NULL_CONVERSION = YES;
				CLANG_WARN_OBJC_IMPLICIT_RETAIN_SELF = YES;
				CLANG_WARN_OBJC_LITERAL_CONVERSION = YES;
				CLANG_WARN_OBJC_ROOT_CLASS = YES_ERROR;
				CLANG_WARN_QUOTED_INCLUDE_IN_FRAMEWORK_HEADER = YES;
				CLANG_WARN_RANGE_LOOP_ANALYSIS = YES;
				CLANG_WARN_STRICT_PROTOTYPES = YES;
				CLANG_WARN_SUSPICIOUS_MOVE = YES;
				CLANG_WARN_UNGUARDED_AVAILABILITY = YES_AGGRESSIVE;
				CLANG_WARN_UNREACHABLE_CODE = YES;
				CLANG_WARN__DUPLICATE_METHOD_MATCH = YES;
				COPY_PHASE_STRIP = NO;
				DEBUG_INFORMATION_FORMAT = dwarf;
				ENABLE_STRICT_OBJC_MSGSEND = YES;
				ENABLE_TESTABILITY = YES;
				ENABLE_USER_SCRIPT_SANDBOXING = YES;
				GCC_C_LANGUAGE_STANDARD = gnu17;
				GCC_DYNAMIC_NO_PIC = NO;
				GCC_NO_COMMON_BLOCKS = YES;
				GCC_OPTIMIZATION_LEVEL = 0;
				GCC_PREPROCESSOR_DEFINITIONS = (
					"DEBUG=1",
					"$(inherited)",
				);
				GCC_WARN_64_TO_32_BIT_CONVERSION = YES;
				GCC_WARN_ABOUT_RETURN_TYPE = YES_ERROR;
				GCC_WARN_UNDECLARED_SELECTOR = YES;
				GCC_WARN_UNINITIALIZED_AUTOS = YES_AGGRESSIVE;
				GCC_WARN_UNUSED_FUNCTION = YES;
				GCC_WARN_UNUSED_VARIABLE = YES;
				IPHONEOS_DEPLOYMENT_TARGET = 17.4;
				LOCALIZATION_PREFERS_STRING_CATALOGS = YES;
				MTL_ENABLE_DEBUG_INFO = INCLUDE_SOURCE;
				MTL_FAST_MATH = YES;
				ONLY_ACTIVE_ARCH = YES;
				SDKROOT = iphoneos;
				SWIFT_ACTIVE_COMPILATION_CONDITIONS = "DEBUG $(inherited)";
				SWIFT_OPTIMIZATION_LEVEL = "-Onone";
			};
			name = Debug;
		};
		09C4E2182BEF995F005E4F28 /* Release */ = {
			isa = XCBuildConfiguration;
			buildSettings = {
				ALWAYS_SEARCH_USER_PATHS = NO;
				ASSETCATALOG_COMPILER_GENERATE_SWIFT_ASSET_SYMBOL_EXTENSIONS = YES;
				CLANG_ANALYZER_NONNULL = YES;
				CLANG_ANALYZER_NUMBER_OBJECT_CONVERSION = YES_AGGRESSIVE;
				CLANG_CXX_LANGUAGE_STANDARD = "gnu++20";
				CLANG_ENABLE_MODULES = YES;
				CLANG_ENABLE_OBJC_ARC = YES;
				CLANG_ENABLE_OBJC_WEAK = YES;
				CLANG_WARN_BLOCK_CAPTURE_AUTORELEASING = YES;
				CLANG_WARN_BOOL_CONVERSION = YES;
				CLANG_WARN_COMMA = YES;
				CLANG_WARN_CONSTANT_CONVERSION = YES;
				CLANG_WARN_DEPRECATED_OBJC_IMPLEMENTATIONS = YES;
				CLANG_WARN_DIRECT_OBJC_ISA_USAGE = YES_ERROR;
				CLANG_WARN_DOCUMENTATION_COMMENTS = YES;
				CLANG_WARN_EMPTY_BODY = YES;
				CLANG_WARN_ENUM_CONVERSION = YES;
				CLANG_WARN_INFINITE_RECURSION = YES;
				CLANG_WARN_INT_CONVERSION = YES;
				CLANG_WARN_NON_LITERAL_NULL_CONVERSION = YES;
				CLANG_WARN_OBJC_IMPLICIT_RETAIN_SELF = YES;
				CLANG_WARN_OBJC_LITERAL_CONVERSION = YES;
				CLANG_WARN_OBJC_ROOT_CLASS = YES_ERROR;
				CLANG_WARN_QUOTED_INCLUDE_IN_FRAMEWORK_HEADER = YES;
				CLANG_WARN_RANGE_LOOP_ANALYSIS = YES;
				CLANG_WARN_STRICT_PROTOTYPES = YES;
				CLANG_WARN_SUSPICIOUS_MOVE = YES;
				CLANG_WARN_UNGUARDED_AVAILABILITY = YES_AGGRESSIVE;
				CLANG_WARN_UNREACHABLE_CODE = YES;
				CLANG_WARN__DUPLICATE_METHOD_MATCH = YES;
				COPY_PHASE_STRIP = NO;
				DEBUG_INFORMATION_FORMAT = "dwarf-with-dsym";
				ENABLE_NS_ASSERTIONS = NO;
				ENABLE_STRICT_OBJC_MSGSEND = YES;
				ENABLE_USER_SCRIPT_SANDBOXING = YES;
				GCC_C_LANGUAGE_STANDARD = gnu17;
				GCC_NO_COMMON_BLOCKS = YES;
				GCC_WARN_64_TO_32_BIT_CONVERSION = YES;
				GCC_WARN_ABOUT_RETURN_TYPE = YES_ERROR;
				GCC_WARN_UNDECLARED_SELECTOR = YES;
				GCC_WARN_UNINITIALIZED_AUTOS = YES_AGGRESSIVE;
				GCC_WARN_UNUSED_FUNCTION = YES;
				GCC_WARN_UNUSED_VARIABLE = YES;
				IPHONEOS_DEPLOYMENT_TARGET = 17.4;
				LOCALIZATION_PREFERS_STRING_CATALOGS = YES;
				MTL_ENABLE_DEBUG_INFO = NO;
				MTL_FAST_MATH = YES;
				SDKROOT = iphoneos;
				SWIFT_COMPILATION_MODE = wholemodule;
				VALIDATE_PRODUCT = YES;
			};
			name = Release;
		};
		09C4E21A2BEF995F005E4F28 /* Debug */ = {
			isa = XCBuildConfiguration;
			buildSettings = {
				ASSETCATALOG_COMPILER_APPICON_NAME = AppIcon;
				ASSETCATALOG_COMPILER_GLOBAL_ACCENT_COLOR_NAME = AccentColor;
				CODE_SIGN_STYLE = Automatic;
				CURRENT_PROJECT_VERSION = 1;
				DEVELOPMENT_ASSET_PATHS = "\"IRLY/Preview Content\"";
				ENABLE_PREVIEWS = YES;
				GENERATE_INFOPLIST_FILE = YES;
				INFOPLIST_KEY_UIApplicationSceneManifest_Generation = YES;
				INFOPLIST_KEY_UIApplicationSupportsIndirectInputEvents = YES;
				INFOPLIST_KEY_UILaunchScreen_Generation = YES;
				INFOPLIST_KEY_UISupportedInterfaceOrientations_iPad = "UIInterfaceOrientationPortrait UIInterfaceOrientationPortraitUpsideDown UIInterfaceOrientationLandscapeLeft UIInterfaceOrientationLandscapeRight";
				INFOPLIST_KEY_UISupportedInterfaceOrientations_iPhone = "UIInterfaceOrientationPortrait UIInterfaceOrientationLandscapeLeft UIInterfaceOrientationLandscapeRight";
				LD_RUNPATH_SEARCH_PATHS = (
					"$(inherited)",
					"@executable_path/Frameworks",
				);
				MARKETING_VERSION = 1.0;
				PRODUCT_BUNDLE_IDENTIFIER = com.aaditya.IRLY;
				PRODUCT_NAME = "$(TARGET_NAME)";
				SWIFT_EMIT_LOC_STRINGS = YES;
				SWIFT_VERSION = 5.0;
				TARGETED_DEVICE_FAMILY = "1,2";
			};
			name = Debug;
		};
		09C4E21B2BEF995F005E4F28 /* Release */ = {
			isa = XCBuildConfiguration;
			buildSettings = {
				ASSETCATALOG_COMPILER_APPICON_NAME = AppIcon;
				ASSETCATALOG_COMPILER_GLOBAL_ACCENT_COLOR_NAME = AccentColor;
				CODE_SIGN_STYLE = Automatic;
				CURRENT_PROJECT_VERSION = 1;
				DEVELOPMENT_ASSET_PATHS = "\"IRLY/Preview Content\"";
				ENABLE_PREVIEWS = YES;
				GENERATE_INFOPLIST_FILE = YES;
				INFOPLIST_KEY_UIApplicationSceneManifest_Generation = YES;
				INFOPLIST_KEY_UIApplicationSupportsIndirectInputEvents = YES;
				INFOPLIST_KEY_UILaunchScreen_Generation = YES;
				INFOPLIST_KEY_UISupportedInterfaceOrientations_iPad = "UIInterfaceOrientationPortrait UIInterfaceOrientationPortraitUpsideDown UIInterfaceOrientationLandscapeLeft UIInterfaceOrientationLandscapeRight";
				INFOPLIST_KEY_UISupportedInterfaceOrientations_iPhone = "UIInterfaceOrientationPortrait UIInterfaceOrientationLandscapeLeft UIInterfaceOrientationLandscapeRight";
				LD_RUNPATH_SEARCH_PATHS = (
					"$(inherited)",
					"@executable_path/Frameworks",
				);
				MARKETING_VERSION = 1.0;
				PRODUCT_BUNDLE_IDENTIFIER = com.aaditya.IRLY;
				PRODUCT_NAME = "$(TARGET_NAME)";
				SWIFT_EMIT_LOC_STRINGS = YES;
				SWIFT_VERSION = 5.0;
				TARGETED_DEVICE_FAMILY = "1,2";
			};
			name = Release;
		};
/* End XCBuildConfiguration section */

/* Begin XCConfigurationList section */
		09C4E2062BEF995D005E4F28 /* Build configuration list for PBXProject "IRLY" */ = {
			isa = XCConfigurationList;
			buildConfigurations = (
				09C4E2172BEF995F005E4F28 /* Debug */,
				09C4E2182BEF995F005E4F28 /* Release */,
			);
			defaultConfigurationIsVisible = 0;
			defaultConfigurationName = Release;
		};
		09C4E2192BEF995F005E4F28 /* Build configuration list for PBXNativeTarget "IRLY" */ = {
			isa = XCConfigurationList;
			buildConfigurations = (
				09C4E21A2BEF995F005E4F28 /* Debug */,
				09C4E21B2BEF995F005E4F28 /* Release */,
			);
			defaultConfigurationIsVisible = 0;
			defaultConfigurationName = Release;
		};
/* End XCConfigurationList section */
	};
	rootObject = 09C4E2032BEF995D005E4F28 /* Project object */;
}
